
Microsoft Visual Studio Solution File, Format Version 12.00
# Visual Studio Version 17
VisualStudioVersion = 17.9.34616.47
MinimumVisualStudioVersion = 10.0.40219.1
Project("{FAE04EC0-301F-11D3-BF4B-00C04F79EFBC}") = "CSharpNaslid2", "CSharpNaslid2\CSharpNaslid2.csproj", "{98B1637D-6323-4A7B-90A9-60607DE26A14}"
EndProject
Project("{FAE04EC0-301F-11D3-BF4B-00C04F79EFBC}") = "IMathProject", "IMathProject\IMathProject.csproj", "{83267229-9AAA-486A-AAD9-A005B736B2D2}"
EndProject
Project("{FAE04EC0-301F-11D3-BF4B-00C04F79EFBC}") = "ArrayProject", "ArrayProject\ArrayProject.csproj", "{79D0E9BF-9AB8-43A3-8769-A61BD630A53B}"
EndProject
Global
	GlobalSection(SolutionConfigurationPlatforms) = preSolution
		Debug|Any CPU = Debug|Any CPU
		Release|Any CPU = Release|Any CPU
	EndGlobalSection
	GlobalSection(ProjectConfigurationPlatforms) = postSolution
		{98B1637D-6323-4A7B-90A9-60607DE26A14}.Debug|Any CPU.ActiveCfg = Debug|Any CPU
		{98B1637D-6323-4A7B-90A9-60607DE26A14}.Debug|Any CPU.Build.0 = Debug|Any CPU
		{98B1637D-6323-4A7B-90A9-60607DE26A14}.Release|Any CPU.ActiveCfg = Release|Any CPU
		{98B1637D-6323-4A7B-90A9-60607DE26A14}.Release|Any CPU.Build.0 = Release|Any CPU
		{83267229-9AAA-486A-AAD9-A005B736B2D2}.Debug|Any CPU.ActiveCfg = Debug|Any CPU
		{83267229-9AAA-486A-AAD9-A005B736B2D2}.Debug|Any CPU.Build.0 = Debug|Any CPU
		{83267229-9AAA-486A-AAD9-A005B736B2D2}.Release|Any CPU.ActiveCfg = Release|Any CPU
		{83267229-9AAA-486A-AAD9-A005B736B2D2}.Release|Any CPU.Build.0 = Release|Any CPU
		{79D0E9BF-9AB8-43A3-8769-A61BD630A53B}.Debug|Any CPU.ActiveCfg = Debug|Any CPU
		{79D0E9BF-9AB8-43A3-8769-A61BD630A53B}.Debug|Any CPU.Build.0 = Debug|Any CPU
		{79D0E9BF-9AB8-43A3-8769-A61BD630A53B}.Release|Any CPU.ActiveCfg = Release|Any CPU
		{79D0E9BF-9AB8-43A3-8769-A61BD630A53B}.Release|Any CPU.Build.0 = Release|Any CPU
	EndGlobalSection
	GlobalSection(SolutionProperties) = preSolution
		HideSolutionNode = FALSE
	EndGlobalSection
	GlobalSection(ExtensibilityGlobals) = postSolution
		SolutionGuid = {76E0404C-BF6D-4818-9DF0-243B12A275DF}
	EndGlobalSection
EndGlobal
